
Microsoft Visual Studio Solution File, Format Version 12.00
# Visual Studio Version 17
VisualStudioVersion = 17.5.33516.290
MinimumVisualStudioVersion = 10.0.40219.1
Project("{FAE04EC0-301F-11D3-BF4B-00C04F79EFBC}") = "Martes22", "Martes22.csproj", "{3AEE705C-12FD-4A0F-9AB0-3E10293FF527}"
EndProject
Global
	GlobalSection(SolutionConfigurationPlatforms) = preSolution
		Debug|Any CPU = Debug|Any CPU
		Release|Any CPU = Release|Any CPU
	EndGlobalSection
	GlobalSection(ProjectConfigurationPlatforms) = postSolution
		{3AEE705C-12FD-4A0F-9AB0-3E10293FF527}.Debug|Any CPU.ActiveCfg = Debug|Any CPU
		{3AEE705C-12FD-4A0F-9AB0-3E10293FF527}.Debug|Any CPU.Build.0 = Debug|Any CPU
		{3AEE705C-12FD-4A0F-9AB0-3E10293FF527}.Release|Any CPU.ActiveCfg = Release|Any CPU
		{3AEE705C-12FD-4A0F-9AB0-3E10293FF527}.Release|Any CPU.Build.0 = Release|Any CPU
	EndGlobalSection
	GlobalSection(SolutionProperties) = preSolution
		HideSolutionNode = FALSE
	EndGlobalSection
	GlobalSection(ExtensibilityGlobals) = postSolution
		SolutionGuid = {7E610501-E236-45A2-B586-8FE2FA9C8044}
	EndGlobalSection
EndGlobal
